
Microsoft Visual Studio Solution File, Format Version 12.00
# Visual Studio Version 17
VisualStudioVersion = 17.9.34728.123
MinimumVisualStudioVersion = 10.0.40219.1
Project("{FAE04EC0-301F-11D3-BF4B-00C04F79EFBC}") = "ToysLib", "ToysLib\ToysLib.csproj", "{35B79282-DB24-4BF2-AFA1-FDE0713A9A76}"
EndProject
Project("{FAE04EC0-301F-11D3-BF4B-00C04F79EFBC}") = "ToysLibTests", "ToysLibTests\ToysLibTests.csproj", "{98CFC876-2B3E-4A47-9214-80CD4E4272A7}"
EndProject
Global
	GlobalSection(SolutionConfigurationPlatforms) = preSolution
		Debug|Any CPU = Debug|Any CPU
		Release|Any CPU = Release|Any CPU
	EndGlobalSection
	GlobalSection(ProjectConfigurationPlatforms) = postSolution
		{35B79282-DB24-4BF2-AFA1-FDE0713A9A76}.Debug|Any CPU.ActiveCfg = Debug|Any CPU
		{35B79282-DB24-4BF2-AFA1-FDE0713A9A76}.Debug|Any CPU.Build.0 = Debug|Any CPU
		{35B79282-DB24-4BF2-AFA1-FDE0713A9A76}.Release|Any CPU.ActiveCfg = Release|Any CPU
		{35B79282-DB24-4BF2-AFA1-FDE0713A9A76}.Release|Any CPU.Build.0 = Release|Any CPU
		{98CFC876-2B3E-4A47-9214-80CD4E4272A7}.Debug|Any CPU.ActiveCfg = Debug|Any CPU
		{98CFC876-2B3E-4A47-9214-80CD4E4272A7}.Debug|Any CPU.Build.0 = Debug|Any CPU
		{98CFC876-2B3E-4A47-9214-80CD4E4272A7}.Release|Any CPU.ActiveCfg = Release|Any CPU
		{98CFC876-2B3E-4A47-9214-80CD4E4272A7}.Release|Any CPU.Build.0 = Release|Any CPU
	EndGlobalSection
	GlobalSection(SolutionProperties) = preSolution
		HideSolutionNode = FALSE
	EndGlobalSection
	GlobalSection(ExtensibilityGlobals) = postSolution
		SolutionGuid = {7DFFCAC9-4A2B-4EDC-9EB4-6356CE5B2A3A}
	EndGlobalSection
EndGlobal
